
Microsoft Visual Studio Solution File, Format Version 12.00
# Visual Studio Version 17
VisualStudioVersion = 17.14.36429.23 d17.14
MinimumVisualStudioVersion = 10.0.40219.1
Project("{FAE04EC0-301F-11D3-BF4B-00C04F79EFBC}") = "Assignment11.1.1", "Assignment11.1.1.csproj", "{523F27ED-195F-44C8-9128-D04F64F27796}"
EndProject
Global
	GlobalSection(SolutionConfigurationPlatforms) = preSolution
		Debug|Any CPU = Debug|Any CPU
		Release|Any CPU = Release|Any CPU
	EndGlobalSection
	GlobalSection(ProjectConfigurationPlatforms) = postSolution
		{523F27ED-195F-44C8-9128-D04F64F27796}.Debug|Any CPU.ActiveCfg = Debug|Any CPU
		{523F27ED-195F-44C8-9128-D04F64F27796}.Debug|Any CPU.Build.0 = Debug|Any CPU
		{523F27ED-195F-44C8-9128-D04F64F27796}.Release|Any CPU.ActiveCfg = Release|Any CPU
		{523F27ED-195F-44C8-9128-D04F64F27796}.Release|Any CPU.Build.0 = Release|Any CPU
	EndGlobalSection
	GlobalSection(SolutionProperties) = preSolution
		HideSolutionNode = FALSE
	EndGlobalSection
	GlobalSection(ExtensibilityGlobals) = postSolution
		SolutionGuid = {DCD9344B-E657-4A24-BD83-D2C5389DD2E1}
	EndGlobalSection
EndGlobal
